
Microsoft Visual Studio Solution File, Format Version 12.00
# Visual Studio 15
VisualStudioVersion = 15.0.28307.106
MinimumVisualStudioVersion = 10.0.40219.1
Project("{2150E333-8FDC-42A3-9474-1A3956D46DE8}") = "src", "src", "{FDEC35F5-4756-49AA-93D1-A567A77DC3E9}"
EndProject
Project("{9A19103F-16F7-4668-BE54-9A1E7A4F7556}") = "CarRent.API", "src\CarRentApi\CarRent.API.csproj", "{C3A68181-78F3-4E30-B3CF-EC8FA81AC2B9}"
EndProject
Global
	GlobalSection(SolutionConfigurationPlatforms) = preSolution
		Debug|Any CPU = Debug|Any CPU
		Release|Any CPU = Release|Any CPU
	EndGlobalSection
	GlobalSection(ProjectConfigurationPlatforms) = postSolution
		{C3A68181-78F3-4E30-B3CF-EC8FA81AC2B9}.Debug|Any CPU.ActiveCfg = Debug|Any CPU
		{C3A68181-78F3-4E30-B3CF-EC8FA81AC2B9}.Debug|Any CPU.Build.0 = Debug|Any CPU
		{C3A68181-78F3-4E30-B3CF-EC8FA81AC2B9}.Release|Any CPU.ActiveCfg = Release|Any CPU
		{C3A68181-78F3-4E30-B3CF-EC8FA81AC2B9}.Release|Any CPU.Build.0 = Release|Any CPU
	EndGlobalSection
	GlobalSection(SolutionProperties) = preSolution
		HideSolutionNode = FALSE
	EndGlobalSection
	GlobalSection(NestedProjects) = preSolution
		{C3A68181-78F3-4E30-B3CF-EC8FA81AC2B9} = {FDEC35F5-4756-49AA-93D1-A567A77DC3E9}
	EndGlobalSection
	GlobalSection(ExtensibilityGlobals) = postSolution
		SolutionGuid = {C485B556-5249-4511-A53A-B7974D610C86}
	EndGlobalSection
EndGlobal
